# This file is automatically @generated by Cargo.
# It is not intended for manual editing.
version = 3

[[package]]
name = "argparse"
version = "3.0.0"
source = "git+https://github.com/shipsimfan/lib-argparse?branch=static#5ca4424b4bc6115d84065db43770118fcb041d56"
dependencies = [
 "macros 3.0.0",
]

[[package]]
name = "base"
version = "0.1.0"
source = "git+https://github.com/shipsimfan/lib-proc-macro-util#2cd9db402c5506c21428a3644a3533f20d02d59a"

[[package]]
name = "executor"
version = "0.1.0"
source = "git+https://github.com/shipsimfan/lib-lasync#795855098861ee89081fbf7903f7389c6bde913e"
dependencies = [
 "executor-common",
 "executor-linux",
]

[[package]]
name = "executor-common"
version = "0.1.0"
source = "git+https://github.com/shipsimfan/lib-lasync#795855098861ee89081fbf7903f7389c6bde913e"

[[package]]
name = "executor-linux"
version = "0.1.0"
source = "git+https://github.com/shipsimfan/lib-lasync#795855098861ee89081fbf7903f7389c6bde913e"
dependencies = [
 "executor-common",
 "uring",
]

[[package]]
name = "futures"
version = "0.1.0"
source = "git+https://github.com/shipsimfan/lib-lasync#795855098861ee89081fbf7903f7389c6bde913e"
dependencies = [
 "futures-common",
 "futures-linux",
]

[[package]]
name = "futures-common"
version = "0.1.0"
source = "git+https://github.com/shipsimfan/lib-lasync#795855098861ee89081fbf7903f7389c6bde913e"

[[package]]
name = "futures-linux"
version = "0.1.0"
source = "git+https://github.com/shipsimfan/lib-lasync#795855098861ee89081fbf7903f7389c6bde913e"
dependencies = [
 "executor",
 "futures-common",
]

[[package]]
name = "huntsman"
version = "0.1.0"
dependencies = [
 "lasync",
]

[[package]]
name = "huntsman-http"
version = "0.1.0"
dependencies = [
 "huntsman",
 "lasync",
]

[[package]]
name = "huntsman-static-http"
version = "0.1.0"
dependencies = [
 "argparse",
 "huntsman",
 "huntsman-http",
 "lasync",
 "oak",
]

[[package]]
name = "lasync"
version = "0.1.0"
source = "git+https://github.com/shipsimfan/lib-lasync#795855098861ee89081fbf7903f7389c6bde913e"
dependencies = [
 "executor",
 "futures",
]

[[package]]
name = "linux"
version = "0.1.0"
source = "git+https://github.com/shipsimfan/lib-linux#3a9b68420d88637b7186a8b7352df50b4185f609"

[[package]]
name = "macros"
version = "0.1.0"
source = "git+https://github.com/shipsimfan/lib-proc-macro-util#2cd9db402c5506c21428a3644a3533f20d02d59a"
dependencies = [
 "base",
]

[[package]]
name = "macros"
version = "3.0.0"
source = "git+https://github.com/shipsimfan/lib-argparse?branch=static#5ca4424b4bc6115d84065db43770118fcb041d56"
dependencies = [
 "proc-macro-util",
]

[[package]]
name = "oak"
version = "0.1.0"
source = "git+https://github.com/shipsimfan/oak#b23ca4975c0dcf86c926e2c421c53af2dff25845"

[[package]]
name = "proc-macro-util"
version = "0.1.0"
source = "git+https://github.com/shipsimfan/lib-proc-macro-util#2cd9db402c5506c21428a3644a3533f20d02d59a"
dependencies = [
 "base",
 "macros 0.1.0",
]

[[package]]
name = "uring"
version = "0.1.0"
source = "git+https://github.com/shipsimfan/lib-uring#6d403043b4205935db403bb946d4ed9a56f1b46f"
dependencies = [
 "linux",
]
