# This file is automatically @generated by Cargo.
# It is not intended for manual editing.
version = 3

[[package]]
name = "huntsman"
version = "0.1.0"
dependencies = [
 "linux",
]

[[package]]
name = "linux"
version = "0.1.0"
source = "git+https://github.com/shipsimfan/lib-linux#17e50ce41c7aa5d1ec8fa47b3f022540bc7f1e73"
